
Microsoft Visual Studio Solution File, Format Version 12.00
# Visual Studio 14
VisualStudioVersion = 14.0.24720.0
MinimumVisualStudioVersion = 10.0.40219.1
Project("{FAE04EC0-301F-11D3-BF4B-00C04F79EFBC}") = "MachineLearningForCSharp", "MachineLearningForCSharp\MachineLearningForCSharp.csproj", "{354F098B-46BC-4B97-8E66-F3307AEB48E4}"
EndProject
Project("{FAE04EC0-301F-11D3-BF4B-00C04F79EFBC}") = "Perceptron", "Perceptron\Perceptron.csproj", "{6CAB6383-2FE2-4C81-8C93-47FD2EF92934}"
EndProject
Project("{FAE04EC0-301F-11D3-BF4B-00C04F79EFBC}") = "KNN", "KNN\KNN.csproj", "{D4CF078C-DA11-4174-9C42-2480D206C308}"
EndProject
Project("{FAE04EC0-301F-11D3-BF4B-00C04F79EFBC}") = "Bayes", "Bayes\Bayes.csproj", "{1DCFF975-7712-4D02-8858-A6FFDF17C154}"
EndProject
Project("{FAE04EC0-301F-11D3-BF4B-00C04F79EFBC}") = "ExpectationMaximization", "ExpectationMaximization\ExpectationMaximization.csproj", "{11C76924-2473-4418-B571-1C56EC266DA3}"
EndProject
Global
	GlobalSection(SolutionConfigurationPlatforms) = preSolution
		Debug|Any CPU = Debug|Any CPU
		Release|Any CPU = Release|Any CPU
	EndGlobalSection
	GlobalSection(ProjectConfigurationPlatforms) = postSolution
		{354F098B-46BC-4B97-8E66-F3307AEB48E4}.Debug|Any CPU.ActiveCfg = Debug|Any CPU
		{354F098B-46BC-4B97-8E66-F3307AEB48E4}.Debug|Any CPU.Build.0 = Debug|Any CPU
		{354F098B-46BC-4B97-8E66-F3307AEB48E4}.Release|Any CPU.ActiveCfg = Release|Any CPU
		{354F098B-46BC-4B97-8E66-F3307AEB48E4}.Release|Any CPU.Build.0 = Release|Any CPU
		{6CAB6383-2FE2-4C81-8C93-47FD2EF92934}.Debug|Any CPU.ActiveCfg = Debug|Any CPU
		{6CAB6383-2FE2-4C81-8C93-47FD2EF92934}.Debug|Any CPU.Build.0 = Debug|Any CPU
		{6CAB6383-2FE2-4C81-8C93-47FD2EF92934}.Release|Any CPU.ActiveCfg = Release|Any CPU
		{6CAB6383-2FE2-4C81-8C93-47FD2EF92934}.Release|Any CPU.Build.0 = Release|Any CPU
		{D4CF078C-DA11-4174-9C42-2480D206C308}.Debug|Any CPU.ActiveCfg = Debug|Any CPU
		{D4CF078C-DA11-4174-9C42-2480D206C308}.Debug|Any CPU.Build.0 = Debug|Any CPU
		{D4CF078C-DA11-4174-9C42-2480D206C308}.Release|Any CPU.ActiveCfg = Release|Any CPU
		{D4CF078C-DA11-4174-9C42-2480D206C308}.Release|Any CPU.Build.0 = Release|Any CPU
		{1DCFF975-7712-4D02-8858-A6FFDF17C154}.Debug|Any CPU.ActiveCfg = Debug|Any CPU
		{1DCFF975-7712-4D02-8858-A6FFDF17C154}.Debug|Any CPU.Build.0 = Debug|Any CPU
		{1DCFF975-7712-4D02-8858-A6FFDF17C154}.Release|Any CPU.ActiveCfg = Release|Any CPU
		{1DCFF975-7712-4D02-8858-A6FFDF17C154}.Release|Any CPU.Build.0 = Release|Any CPU
		{11C76924-2473-4418-B571-1C56EC266DA3}.Debug|Any CPU.ActiveCfg = Debug|Any CPU
		{11C76924-2473-4418-B571-1C56EC266DA3}.Debug|Any CPU.Build.0 = Debug|Any CPU
		{11C76924-2473-4418-B571-1C56EC266DA3}.Release|Any CPU.ActiveCfg = Release|Any CPU
		{11C76924-2473-4418-B571-1C56EC266DA3}.Release|Any CPU.Build.0 = Release|Any CPU
	EndGlobalSection
	GlobalSection(SolutionProperties) = preSolution
		HideSolutionNode = FALSE
	EndGlobalSection
EndGlobal
